# THIS IS AN AUTOGENERATED FILE. DO NOT EDIT THIS FILE DIRECTLY.
# yarn lockfile v1


"@babel/runtime@^7.12.0", "@babel/runtime@^7.5.5":
  version "7.12.5"
  resolved "https://registry.yarnpkg.com/@babel/runtime/-/runtime-7.12.5.tgz#410e7e487441e1b360c29be715d870d9b985882e"
  integrity sha512-plcc+hbExy3McchJCEQG3knOsuh3HH+Prx1P6cLIkET/0dLuQDEnrT+s27Axgc9bqfsmNUNHfscgMUdBpC9xfg==
  dependencies:
    regenerator-runtime "^0.13.4"

i18next-browser-languagedetector@^6.0.1:
  version "6.0.1"
  resolved "https://registry.yarnpkg.com/i18next-browser-languagedetector/-/i18next-browser-languagedetector-6.0.1.tgz#83654bc87302be2a6a5a75146ffea97b4ca268cf"
  integrity sha512-3H+OsNQn3FciomUU0d4zPFHsvJv4X66lBelXk9hnIDYDsveIgT7dWZ3/VvcSlpKk9lvCK770blRZ/CwHMXZqWw==
  dependencies:
    "@babel/runtime" "^7.5.5"

i18next@^19.8.4:
  version "19.8.4"
  resolved "https://registry.yarnpkg.com/i18next/-/i18next-19.8.4.tgz#447718f2a26319b8debdbcc6fbc1a9761be7316b"
  integrity sha512-FfVPNWv+felJObeZ6DSXZkj9QM1Ivvh7NcFCgA8XPtJWHz0iXVa9BUy+QY8EPrCLE+vWgDfV/sc96BgXVo6HAA==
  dependencies:
    "@babel/runtime" "^7.12.0"

regenerator-runtime@^0.13.4:
  version "0.13.7"
  resolved "https://registry.yarnpkg.com/regenerator-runtime/-/regenerator-runtime-0.13.7.tgz#cac2dacc8a1ea675feaabaeb8ae833898ae46f55"
  integrity sha512-a54FxoJDIr27pgf7IgeQGxmqUNYrcV338lf/6gH456HZ/PhX+5BcwHXG9ajESmwe6WRO0tAzRUrRmNONWgkrew==
